// !$*UTF8*$!
{
	archiveVersion = 1;
	classes = {
	};
	objectVersion = 46;
	objects = {

/* Begin PBXBuildFile section */
		5D6E4FB615E4813600300DCD /* UIKit.framework in Frameworks */ = {isa = PBXBuildFile; fileRef = 5D6E4FB515E4813600300DCD /* UIKit.framework */; };
		5D6E4FB815E4813600300DCD /* Foundation.framework in Frameworks */ = {isa = PBXBuildFile; fileRef = 5D6E4FB715E4813600300DCD /* Foundation.framework */; };
		5D6E4FBA15E4813600300DCD /* CoreGraphics.framework in Frameworks */ = {isa = PBXBuildFile; fileRef = 5D6E4FB915E4813600300DCD /* CoreGraphics.framework */; };
		5D6E4FC015E4813600300DCD /* InfoPlist.strings in Resources */ = {isa = PBXBuildFile; fileRef = 5D6E4FBE15E4813600300DCD /* InfoPlist.strings */; };
		5D6E4FC215E4813600300DCD /* main.m in Sources */ = {isa = PBXBuildFile; fileRef = 5D6E4FC115E4813600300DCD /* main.m */; };
		5D6E4FC615E4813600300DCD /* FCAppDelegate.m in Sources */ = {isa = PBXBuildFile; fileRef = 5D6E4FC515E4813600300DCD /* FCAppDelegate.m */; };
		5D6E4FC915E4813600300DCD /* MainStoryboard.storyboard in Resources */ = {isa = PBXBuildFile; fileRef = 5D6E4FC715E4813600300DCD /* MainStoryboard.storyboard */; };
		5D6E4FCC15E4813600300DCD /* FCViewController.m in Sources */ = {isa = PBXBuildFile; fileRef = 5D6E4FCB15E4813600300DCD /* FCViewController.m */; };
		5D86CC7D15E4B4D100D1C94E /* MapKit.framework in Frameworks */ = {isa = PBXBuildFile; fileRef = 5D86CC7C15E4B4D100D1C94E /* MapKit.framework */; };
		5D86CC8015E4B50100D1C94E /* ty_infos.js in Sources */ = {isa = PBXBuildFile; fileRef = 5D86CC7F15E4B50100D1C94E /* ty_infos.js */; };
		5D86CC8215E4B56600D1C94E /* CoreLocation.framework in Frameworks */ = {isa = PBXBuildFile; fileRef = 5D86CC8115E4B56600D1C94E /* CoreLocation.framework */; };
		5D86CC8415E4B9C600D1C94E /* nangung.gpx in Resources */ = {isa = PBXBuildFile; fileRef = 5D86CC8315E4B9C600D1C94E /* nangung.gpx */; };
/* End PBXBuildFile section */

/* Begin PBXFileReference section */
		5D6E4FB115E4813600300DCD /* TyphoonTW.app */ = {isa = PBXFileReference; explicitFileType = wrapper.application; includeInIndex = 0; path = TyphoonTW.app; sourceTree = BUILT_PRODUCTS_DIR; };
		5D6E4FB515E4813600300DCD /* UIKit.framework */ = {isa = PBXFileReference; lastKnownFileType = wrapper.framework; name = UIKit.framework; path = System/Library/Frameworks/UIKit.framework; sourceTree = SDKROOT; };
		5D6E4FB715E4813600300DCD /* Foundation.framework */ = {isa = PBXFileReference; lastKnownFileType = wrapper.framework; name = Foundation.framework; path = System/Library/Frameworks/Foundation.framework; sourceTree = SDKROOT; };
		5D6E4FB915E4813600300DCD /* CoreGraphics.framework */ = {isa = PBXFileReference; lastKnownFileType = wrapper.framework; name = CoreGraphics.framework; path = System/Library/Frameworks/CoreGraphics.framework; sourceTree = SDKROOT; };
		5D6E4FBD15E4813600300DCD /* TyphoonTW-Info.plist */ = {isa = PBXFileReference; lastKnownFileType = text.plist.xml; path = "TyphoonTW-Info.plist"; sourceTree = "<group>"; };
		5D6E4FBF15E4813600300DCD /* en */ = {isa = PBXFileReference; lastKnownFileType = text.plist.strings; name = en; path = en.lproj/InfoPlist.strings; sourceTree = "<group>"; };
		5D6E4FC115E4813600300DCD /* main.m */ = {isa = PBXFileReference; lastKnownFileType = sourcecode.c.objc; path = main.m; sourceTree = "<group>"; };
		5D6E4FC315E4813600300DCD /* TyphoonTW-Prefix.pch */ = {isa = PBXFileReference; lastKnownFileType = sourcecode.c.h; path = "TyphoonTW-Prefix.pch"; sourceTree = "<group>"; };
		5D6E4FC415E4813600300DCD /* FCAppDelegate.h */ = {isa = PBXFileReference; lastKnownFileType = sourcecode.c.h; path = FCAppDelegate.h; sourceTree = "<group>"; };
		5D6E4FC515E4813600300DCD /* FCAppDelegate.m */ = {isa = PBXFileReference; lastKnownFileType = sourcecode.c.objc; path = FCAppDelegate.m; sourceTree = "<group>"; };
		5D6E4FC815E4813600300DCD /* en */ = {isa = PBXFileReference; lastKnownFileType = file.storyboard; name = en; path = en.lproj/MainStoryboard.storyboard; sourceTree = "<group>"; };
		5D6E4FCA15E4813600300DCD /* FCViewController.h */ = {isa = PBXFileReference; lastKnownFileType = sourcecode.c.h; path = FCViewController.h; sourceTree = "<group>"; };
		5D6E4FCB15E4813600300DCD /* FCViewController.m */ = {isa = PBXFileReference; lastKnownFileType = sourcecode.c.objc; path = FCViewController.m; sourceTree = "<group>"; };
		5D86CC7C15E4B4D100D1C94E /* MapKit.framework */ = {isa = PBXFileReference; lastKnownFileType = wrapper.framework; name = MapKit.framework; path = System/Library/Frameworks/MapKit.framework; sourceTree = SDKROOT; };
		5D86CC7F15E4B50100D1C94E /* ty_infos.js */ = {isa = PBXFileReference; fileEncoding = 4; lastKnownFileType = sourcecode.javascript; path = ty_infos.js; sourceTree = "<group>"; };
		5D86CC8115E4B56600D1C94E /* CoreLocation.framework */ = {isa = PBXFileReference; lastKnownFileType = wrapper.framework; name = CoreLocation.framework; path = System/Library/Frameworks/CoreLocation.framework; sourceTree = SDKROOT; };
		5D86CC8315E4B9C600D1C94E /* nangung.gpx */ = {isa = PBXFileReference; fileEncoding = 4; lastKnownFileType = text.xml; name = nangung.gpx; path = ../nangung.gpx; sourceTree = "<group>"; };
/* End PBXFileReference section */

/* Begin PBXFrameworksBuildPhase section */
		5D6E4FAE15E4813600300DCD /* Frameworks */ = {
			isa = PBXFrameworksBuildPhase;
			buildActionMask = 2147483647;
			files = (
				5D86CC8215E4B56600D1C94E /* CoreLocation.framework in Frameworks */,
				5D86CC7D15E4B4D100D1C94E /* MapKit.framework in Frameworks */,
				5D6E4FB615E4813600300DCD /* UIKit.framework in Frameworks */,
				5D6E4FB815E4813600300DCD /* Foundation.framework in Frameworks */,
				5D6E4FBA15E4813600300DCD /* CoreGraphics.framework in Frameworks */,
			);
			runOnlyForDeploymentPostprocessing = 0;
		};
/* End PBXFrameworksBuildPhase section */

/* Begin PBXGroup section */
		5D6E4FA615E4813600300DCD = {
			isa = PBXGroup;
			children = (
				5D6E4FBB15E4813600300DCD /* TyphoonTW */,
				5D6E4FB415E4813600300DCD /* Frameworks */,
				5D6E4FB215E4813600300DCD /* Products */,
			);
			sourceTree = "<group>";
		};
		5D6E4FB215E4813600300DCD /* Products */ = {
			isa = PBXGroup;
			children = (
				5D6E4FB115E4813600300DCD /* TyphoonTW.app */,
			);
			name = Products;
			sourceTree = "<group>";
		};
		5D6E4FB415E4813600300DCD /* Frameworks */ = {
			isa = PBXGroup;
			children = (
				5D86CC8115E4B56600D1C94E /* CoreLocation.framework */,
				5D86CC7C15E4B4D100D1C94E /* MapKit.framework */,
				5D6E4FB515E4813600300DCD /* UIKit.framework */,
				5D6E4FB715E4813600300DCD /* Foundation.framework */,
				5D6E4FB915E4813600300DCD /* CoreGraphics.framework */,
			);
			name = Frameworks;
			sourceTree = "<group>";
		};
		5D6E4FBB15E4813600300DCD /* TyphoonTW */ = {
			isa = PBXGroup;
			children = (
				5D6E4FC415E4813600300DCD /* FCAppDelegate.h */,
				5D6E4FC515E4813600300DCD /* FCAppDelegate.m */,
				5D6E4FC715E4813600300DCD /* MainStoryboard.storyboard */,
				5D6E4FCA15E4813600300DCD /* FCViewController.h */,
				5D6E4FCB15E4813600300DCD /* FCViewController.m */,
				5D6E4FBC15E4813600300DCD /* Supporting Files */,
			);
			path = TyphoonTW;
			sourceTree = "<group>";
		};
		5D6E4FBC15E4813600300DCD /* Supporting Files */ = {
			isa = PBXGroup;
			children = (
				5D86CC7F15E4B50100D1C94E /* ty_infos.js */,
				5D86CC8315E4B9C600D1C94E /* nangung.gpx */,
				5D6E4FBD15E4813600300DCD /* TyphoonTW-Info.plist */,
				5D6E4FBE15E4813600300DCD /* InfoPlist.strings */,
				5D6E4FC115E4813600300DCD /* main.m */,
				5D6E4FC315E4813600300DCD /* TyphoonTW-Prefix.pch */,
			);
			name = "Supporting Files";
			sourceTree = "<group>";
		};
/* End PBXGroup section */

/* Begin PBXNativeTarget section */
		5D6E4FB015E4813600300DCD /* TyphoonTW */ = {
			isa = PBXNativeTarget;
			buildConfigurationList = 5D6E4FCF15E4813600300DCD /* Build configuration list for PBXNativeTarget "TyphoonTW" */;
			buildPhases = (
				5D6E4FAD15E4813600300DCD /* Sources */,
				5D6E4FAE15E4813600300DCD /* Frameworks */,
				5D6E4FAF15E4813600300DCD /* Resources */,
			);
			buildRules = (
			);
			dependencies = (
			);
			name = TyphoonTW;
			productName = TyphoonTW;
			productReference = 5D6E4FB115E4813600300DCD /* TyphoonTW.app */;
			productType = "com.apple.product-type.application";
		};
/* End PBXNativeTarget section */

/* Begin PBXProject section */
		5D6E4FA815E4813600300DCD /* Project object */ = {
			isa = PBXProject;
			attributes = {
				CLASSPREFIX = FC;
				LastUpgradeCheck = 0430;
				ORGANIZATIONNAME = "idryman@gmail.com";
			};
			buildConfigurationList = 5D6E4FAB15E4813600300DCD /* Build configuration list for PBXProject "TyphoonTW" */;
			compatibilityVersion = "Xcode 3.2";
			developmentRegion = English;
			hasScannedForEncodings = 0;
			knownRegions = (
				en,
			);
			mainGroup = 5D6E4FA615E4813600300DCD;
			productRefGroup = 5D6E4FB215E4813600300DCD /* Products */;
			projectDirPath = "";
			projectRoot = "";
			targets = (
				5D6E4FB015E4813600300DCD /* TyphoonTW */,
			);
		};
/* End PBXProject section */

/* Begin PBXResourcesBuildPhase section */
		5D6E4FAF15E4813600300DCD /* Resources */ = {
			isa = PBXResourcesBuildPhase;
			buildActionMask = 2147483647;
			files = (
				5D6E4FC015E4813600300DCD /* InfoPlist.strings in Resources */,
				5D6E4FC915E4813600300DCD /* MainStoryboard.storyboard in Resources */,
				5D86CC8415E4B9C600D1C94E /* nangung.gpx in Resources */,
			);
			runOnlyForDeploymentPostprocessing = 0;
		};
/* End PBXResourcesBuildPhase section */

/* Begin PBXSourcesBuildPhase section */
		5D6E4FAD15E4813600300DCD /* Sources */ = {
			isa = PBXSourcesBuildPhase;
			buildActionMask = 2147483647;
			files = (
				5D6E4FC215E4813600300DCD /* main.m in Sources */,
				5D6E4FC615E4813600300DCD /* FCAppDelegate.m in Sources */,
				5D6E4FCC15E4813600300DCD /* FCViewController.m in Sources */,
				5D86CC8015E4B50100D1C94E /* ty_infos.js in Sources */,
			);
			runOnlyForDeploymentPostprocessing = 0;
		};
/* End PBXSourcesBuildPhase section */

/* Begin PBXVariantGroup section */
		5D6E4FBE15E4813600300DCD /* InfoPlist.strings */ = {
			isa = PBXVariantGroup;
			children = (
				5D6E4FBF15E4813600300DCD /* en */,
			);
			name = InfoPlist.strings;
			sourceTree = "<group>";
		};
		5D6E4FC715E4813600300DCD /* MainStoryboard.storyboard */ = {
			isa = PBXVariantGroup;
			children = (
				5D6E4FC815E4813600300DCD /* en */,
			);
			name = MainStoryboard.storyboard;
			sourceTree = "<group>";
		};
/* End PBXVariantGroup section */

/* Begin XCBuildConfiguration section */
		5D6E4FCD15E4813600300DCD /* Debug */ = {
			isa = XCBuildConfiguration;
			buildSettings = {
				ALWAYS_SEARCH_USER_PATHS = NO;
				ARCHS = "$(ARCHS_STANDARD_32_BIT)";
				CLANG_ENABLE_OBJC_ARC = YES;
				"CODE_SIGN_IDENTITY[sdk=iphoneos*]" = "iPhone Developer";
				COPY_PHASE_STRIP = NO;
				GCC_C_LANGUAGE_STANDARD = gnu99;
				GCC_DYNAMIC_NO_PIC = NO;
				GCC_OPTIMIZATION_LEVEL = 0;
				GCC_PREPROCESSOR_DEFINITIONS = (
					"DEBUG=1",
					"$(inherited)",
				);
				GCC_SYMBOLS_PRIVATE_EXTERN = NO;
				GCC_VERSION = com.apple.compilers.llvm.clang.1_0;
				GCC_WARN_ABOUT_RETURN_TYPE = YES;
				GCC_WARN_UNINITIALIZED_AUTOS = YES;
				GCC_WARN_UNUSED_VARIABLE = YES;
				IPHONEOS_DEPLOYMENT_TARGET = 5.1;
				SDKROOT = iphoneos;
			};
			name = Debug;
		};
		5D6E4FCE15E4813600300DCD /* Release */ = {
			isa = XCBuildConfiguration;
			buildSettings = {
				ALWAYS_SEARCH_USER_PATHS = NO;
				ARCHS = "$(ARCHS_STANDARD_32_BIT)";
				CLANG_ENABLE_OBJC_ARC = YES;
				"CODE_SIGN_IDENTITY[sdk=iphoneos*]" = "iPhone Developer";
				COPY_PHASE_STRIP = YES;
				GCC_C_LANGUAGE_STANDARD = gnu99;
				GCC_VERSION = com.apple.compilers.llvm.clang.1_0;
				GCC_WARN_ABOUT_RETURN_TYPE = YES;
				GCC_WARN_UNINITIALIZED_AUTOS = YES;
				GCC_WARN_UNUSED_VARIABLE = YES;
				IPHONEOS_DEPLOYMENT_TARGET = 5.1;
				OTHER_CFLAGS = "-DNS_BLOCK_ASSERTIONS=1";
				SDKROOT = iphoneos;
				VALIDATE_PRODUCT = YES;
			};
			name = Release;
		};
		5D6E4FD015E4813600300DCD /* Debug */ = {
			isa = XCBuildConfiguration;
			buildSettings = {
				GCC_PRECOMPILE_PREFIX_HEADER = YES;
				GCC_PREFIX_HEADER = "TyphoonTW/TyphoonTW-Prefix.pch";
				INFOPLIST_FILE = "TyphoonTW/TyphoonTW-Info.plist";
				PRODUCT_NAME = "$(TARGET_NAME)";
				WRAPPER_EXTENSION = app;
			};
			name = Debug;
		};
		5D6E4FD115E4813600300DCD /* Release */ = {
			isa = XCBuildConfiguration;
			buildSettings = {
				GCC_PRECOMPILE_PREFIX_HEADER = YES;
				GCC_PREFIX_HEADER = "TyphoonTW/TyphoonTW-Prefix.pch";
				INFOPLIST_FILE = "TyphoonTW/TyphoonTW-Info.plist";
				PRODUCT_NAME = "$(TARGET_NAME)";
				WRAPPER_EXTENSION = app;
			};
			name = Release;
		};
/* End XCBuildConfiguration section */

/* Begin XCConfigurationList section */
		5D6E4FAB15E4813600300DCD /* Build configuration list for PBXProject "TyphoonTW" */ = {
			isa = XCConfigurationList;
			buildConfigurations = (
				5D6E4FCD15E4813600300DCD /* Debug */,
				5D6E4FCE15E4813600300DCD /* Release */,
			);
			defaultConfigurationIsVisible = 0;
			defaultConfigurationName = Release;
		};
		5D6E4FCF15E4813600300DCD /* Build configuration list for PBXNativeTarget "TyphoonTW" */ = {
			isa = XCConfigurationList;
			buildConfigurations = (
				5D6E4FD015E4813600300DCD /* Debug */,
				5D6E4FD115E4813600300DCD /* Release */,
			);
			defaultConfigurationIsVisible = 0;
			defaultConfigurationName = Release;
		};
/* End XCConfigurationList section */
	};
	rootObject = 5D6E4FA815E4813600300DCD /* Project object */;
}
